
Microsoft Visual Studio Solution File, Format Version 12.00
# Visual Studio Version 16
VisualStudioVersion = 16.0.31515.178
MinimumVisualStudioVersion = 10.0.40219.1
Project("{FAE04EC0-301F-11D3-BF4B-00C04F79EFBC}") = "DACNWeb", "DACNWeb\DACNWeb.csproj", "{A15C1E3D-268F-4B80-A687-E98CC75CAC17}"
EndProject
Global
	GlobalSection(SolutionConfigurationPlatforms) = preSolution
		Debug|Any CPU = Debug|Any CPU
		Release|Any CPU = Release|Any CPU
	EndGlobalSection
	GlobalSection(ProjectConfigurationPlatforms) = postSolution
		{A15C1E3D-268F-4B80-A687-E98CC75CAC17}.Debug|Any CPU.ActiveCfg = Debug|Any CPU
		{A15C1E3D-268F-4B80-A687-E98CC75CAC17}.Debug|Any CPU.Build.0 = Debug|Any CPU
		{A15C1E3D-268F-4B80-A687-E98CC75CAC17}.Release|Any CPU.ActiveCfg = Release|Any CPU
		{A15C1E3D-268F-4B80-A687-E98CC75CAC17}.Release|Any CPU.Build.0 = Release|Any CPU
	EndGlobalSection
	GlobalSection(SolutionProperties) = preSolution
		HideSolutionNode = FALSE
	EndGlobalSection
	GlobalSection(ExtensibilityGlobals) = postSolution
		SolutionGuid = {D564D8A7-B6E6-4E06-B41B-FCC5DE575085}
	EndGlobalSection
EndGlobal
